github.com/bxcodec/faker/v3 v3.8.1 h1:qO/Xq19V6uHt2xujwpaetgKhraGCapqY2CRWGD/SqcM=
github.com/bxcodec/faker/v3 v3.8.1/go.mod h1:DdSDccxF5msjFo5aO4vrobRQ8nIApg8kq3QWPEQD6+o=
github.com/mattn/go-sqlite3 v1.14.28 h1:ThEiQrnbtumT+QMknw63Befp/ce/nUPgBPMlRFEum7A=
github.com/mattn/go-sqlite3 v1.14.28/go.mod h1:Uh1q+B4BYcTPb+yiD3kU8Ct7aC0hY9fxUwlHK0RXw+Y=
